// !$*UTF8*$!
{
	archiveVersion = 1;
	classes = {
	};
	objectVersion = 56;
	objects = {

/* Begin PBXBuildFile section */
		782BA9682BF5A244008F7EE2 /* AppPreviewBasicCell.swift in Sources */ = {isa = PBXBuildFile; fileRef = 782BA9672BF5A244008F7EE2 /* AppPreviewBasicCell.swift */; };
		782BA96A2BF5C2FB008F7EE2 /* AppPreviewBasicHeaderView.swift in Sources */ = {isa = PBXBuildFile; fileRef = 782BA9692BF5C2FB008F7EE2 /* AppPreviewBasicHeaderView.swift */; };
		7836117F2BFB26300045B6EC /* API.swift in Sources */ = {isa = PBXBuildFile; fileRef = 7836117E2BFB26300045B6EC /* API.swift */; };
		783611822BFB26770045B6EC /* AppInfo.swift in Sources */ = {isa = PBXBuildFile; fileRef = 783611812BFB26770045B6EC /* AppInfo.swift */; };
		783611842BFB28510045B6EC /* APISearchResult.swift in Sources */ = {isa = PBXBuildFile; fileRef = 783611832BFB28510045B6EC /* APISearchResult.swift */; };
		783611862BFB28EF0045B6EC /* Constants.swift in Sources */ = {isa = PBXBuildFile; fileRef = 783611852BFB28EF0045B6EC /* Constants.swift */; };
		7836118C2BFB3B3F0045B6EC /* RatingInfoDashboardRouter.swift in Sources */ = {isa = PBXBuildFile; fileRef = 783611882BFB3B3F0045B6EC /* RatingInfoDashboardRouter.swift */; };
		7836118D2BFB3B3F0045B6EC /* RatingInfoDashboardViewController.swift in Sources */ = {isa = PBXBuildFile; fileRef = 783611892BFB3B3F0045B6EC /* RatingInfoDashboardViewController.swift */; };
		7836118E2BFB3B3F0045B6EC /* RatingInfoDashboardBuilder.swift in Sources */ = {isa = PBXBuildFile; fileRef = 7836118A2BFB3B3F0045B6EC /* RatingInfoDashboardBuilder.swift */; };
		7836118F2BFB3B3F0045B6EC /* RatingInfoDashboardInteractor.swift in Sources */ = {isa = PBXBuildFile; fileRef = 7836118B2BFB3B3F0045B6EC /* RatingInfoDashboardInteractor.swift */; };
		783611912BFB42070045B6EC /* RatingInfoCell.swift in Sources */ = {isa = PBXBuildFile; fileRef = 783611902BFB42070045B6EC /* RatingInfoCell.swift */; };
		785711262BF2F49C00008AFD /* AppDelegate.swift in Sources */ = {isa = PBXBuildFile; fileRef = 785711252BF2F49C00008AFD /* AppDelegate.swift */; };
		7857112F2BF2F49D00008AFD /* Assets.xcassets in Resources */ = {isa = PBXBuildFile; fileRef = 7857112E2BF2F49D00008AFD /* Assets.xcassets */; };
		785711322BF2F49D00008AFD /* LaunchScreen.storyboard in Resources */ = {isa = PBXBuildFile; fileRef = 785711302BF2F49D00008AFD /* LaunchScreen.storyboard */; };
		785711412BF2F84100008AFD /* RIBs in Frameworks */ = {isa = PBXBuildFile; productRef = 785711402BF2F84100008AFD /* RIBs */; };
		785711432BF2F85400008AFD /* AppComponent.swift in Sources */ = {isa = PBXBuildFile; fileRef = 785711422BF2F85400008AFD /* AppComponent.swift */; };
		785711482BF2FAAA00008AFD /* AppRootRouter.swift in Sources */ = {isa = PBXBuildFile; fileRef = 785711442BF2FAAA00008AFD /* AppRootRouter.swift */; };
		785711492BF2FAAA00008AFD /* RootTabBarController.swift in Sources */ = {isa = PBXBuildFile; fileRef = 785711452BF2FAAA00008AFD /* RootTabBarController.swift */; };
		7857114A2BF2FAAA00008AFD /* AppRootBuilder.swift in Sources */ = {isa = PBXBuildFile; fileRef = 785711462BF2FAAA00008AFD /* AppRootBuilder.swift */; };
		7857114B2BF2FAAA00008AFD /* AppRootInteractor.swift in Sources */ = {isa = PBXBuildFile; fileRef = 785711472BF2FAAA00008AFD /* AppRootInteractor.swift */; };
		785711502BF2FAB800008AFD /* AppsHomeRouter.swift in Sources */ = {isa = PBXBuildFile; fileRef = 7857114C2BF2FAB800008AFD /* AppsHomeRouter.swift */; };
		785711512BF2FAB800008AFD /* AppsHomeViewController.swift in Sources */ = {isa = PBXBuildFile; fileRef = 7857114D2BF2FAB800008AFD /* AppsHomeViewController.swift */; };
		785711522BF2FAB800008AFD /* AppsHomeBuilder.swift in Sources */ = {isa = PBXBuildFile; fileRef = 7857114E2BF2FAB800008AFD /* AppsHomeBuilder.swift */; };
		785711532BF2FAB800008AFD /* AppsHomeInteractor.swift in Sources */ = {isa = PBXBuildFile; fileRef = 7857114F2BF2FAB800008AFD /* AppsHomeInteractor.swift */; };
		785711582BF2FAC200008AFD /* SearchHomeRouter.swift in Sources */ = {isa = PBXBuildFile; fileRef = 785711542BF2FAC200008AFD /* SearchHomeRouter.swift */; };
		785711592BF2FAC200008AFD /* SearchHomeViewController.swift in Sources */ = {isa = PBXBuildFile; fileRef = 785711552BF2FAC200008AFD /* SearchHomeViewController.swift */; };
		7857115A2BF2FAC200008AFD /* SearchHomeBuilder.swift in Sources */ = {isa = PBXBuildFile; fileRef = 785711562BF2FAC200008AFD /* SearchHomeBuilder.swift */; };
		7857115B2BF2FAC200008AFD /* SearchHomeInteractor.swift in Sources */ = {isa = PBXBuildFile; fileRef = 785711572BF2FAC200008AFD /* SearchHomeInteractor.swift */; };
		7857115E2BF2FF8E00008AFD /* RIBs+Extension.swift in Sources */ = {isa = PBXBuildFile; fileRef = 7857115D2BF2FF8E00008AFD /* RIBs+Extension.swift */; };
		785711632BF33C9800008AFD /* AppPreviewBasicView.swift in Sources */ = {isa = PBXBuildFile; fileRef = 785711622BF33C9800008AFD /* AppPreviewBasicView.swift */; };
		785711652BF33DA500008AFD /* UIView+Extension.swift in Sources */ = {isa = PBXBuildFile; fileRef = 785711642BF33DA500008AFD /* UIView+Extension.swift */; };
		785711672BF33E3B00008AFD /* UIImage+Extension.swift in Sources */ = {isa = PBXBuildFile; fileRef = 785711662BF33E3B00008AFD /* UIImage+Extension.swift */; };
		78A853092BF855A4001D64A7 /* TopInfoDashboardRouter.swift in Sources */ = {isa = PBXBuildFile; fileRef = 78A853052BF855A4001D64A7 /* TopInfoDashboardRouter.swift */; };
		78A8530A2BF855A4001D64A7 /* TopInfoDashboardViewController.swift in Sources */ = {isa = PBXBuildFile; fileRef = 78A853062BF855A4001D64A7 /* TopInfoDashboardViewController.swift */; };
		78A8530B2BF855A4001D64A7 /* TopInfoDashboardBuilder.swift in Sources */ = {isa = PBXBuildFile; fileRef = 78A853072BF855A4001D64A7 /* TopInfoDashboardBuilder.swift */; };
		78A8530C2BF855A4001D64A7 /* TopInfoDashboardInteractor.swift in Sources */ = {isa = PBXBuildFile; fileRef = 78A853082BF855A4001D64A7 /* TopInfoDashboardInteractor.swift */; };
		78CF31D22BF6F6F40046753D /* Array+Extension.swift in Sources */ = {isa = PBXBuildFile; fileRef = 78CF31D12BF6F6F40046753D /* Array+Extension.swift */; };
		78CF31D52BF7210B0046753D /* CollectionViewSectionModel.swift in Sources */ = {isa = PBXBuildFile; fileRef = 78CF31D42BF7210B0046753D /* CollectionViewSectionModel.swift */; };
		78CF31D82BF721610046753D /* CollectionViewSection.swift in Sources */ = {isa = PBXBuildFile; fileRef = 78CF31D72BF721610046753D /* CollectionViewSection.swift */; };
		78CF31DA2BF7218D0046753D /* CollectionViewItem.swift in Sources */ = {isa = PBXBuildFile; fileRef = 78CF31D92BF7218D0046753D /* CollectionViewItem.swift */; };
		78CF31DC2BF721D20046753D /* AppPreviewInfo.swift in Sources */ = {isa = PBXBuildFile; fileRef = 78CF31DB2BF721D20046753D /* AppPreviewInfo.swift */; };
		78CF31E22BF7260C0046753D /* ShowAllAppsRouter.swift in Sources */ = {isa = PBXBuildFile; fileRef = 78CF31DE2BF7260C0046753D /* ShowAllAppsRouter.swift */; };
		78CF31E32BF7260C0046753D /* ShowAllAppsViewController.swift in Sources */ = {isa = PBXBuildFile; fileRef = 78CF31DF2BF7260C0046753D /* ShowAllAppsViewController.swift */; };
		78CF31E42BF7260C0046753D /* ShowAllAppsBuilder.swift in Sources */ = {isa = PBXBuildFile; fileRef = 78CF31E02BF7260C0046753D /* ShowAllAppsBuilder.swift */; };
		78CF31E52BF7260C0046753D /* ShowAllAppsInteractor.swift in Sources */ = {isa = PBXBuildFile; fileRef = 78CF31E12BF7260C0046753D /* ShowAllAppsInteractor.swift */; };
		78CF31E72BF736AA0046753D /* UIViewController+Extension.swift in Sources */ = {isa = PBXBuildFile; fileRef = 78CF31E62BF736AA0046753D /* UIViewController+Extension.swift */; };
		78CF31ED2BF747B30046753D /* AppDetailsRouter.swift in Sources */ = {isa = PBXBuildFile; fileRef = 78CF31E92BF747B30046753D /* AppDetailsRouter.swift */; };
		78CF31EE2BF747B30046753D /* AppDetailsViewController.swift in Sources */ = {isa = PBXBuildFile; fileRef = 78CF31EA2BF747B30046753D /* AppDetailsViewController.swift */; };
		78CF31EF2BF747B30046753D /* AppDetailsBuilder.swift in Sources */ = {isa = PBXBuildFile; fileRef = 78CF31EB2BF747B30046753D /* AppDetailsBuilder.swift */; };
		78CF31F02BF747B30046753D /* AppDetailsInteractor.swift in Sources */ = {isa = PBXBuildFile; fileRef = 78CF31EC2BF747B30046753D /* AppDetailsInteractor.swift */; };
		78E6317D2BFD7B4C0053B38D /* MemoryCacheManager.swift in Sources */ = {isa = PBXBuildFile; fileRef = 78E6317C2BFD7B4C0053B38D /* MemoryCacheManager.swift */; };
		78E6317F2BFD7B580053B38D /* DiskCacheUtil.swift in Sources */ = {isa = PBXBuildFile; fileRef = 78E6317E2BFD7B580053B38D /* DiskCacheUtil.swift */; };
		78E631812BFD7B680053B38D /* ImageDownloader.swift in Sources */ = {isa = PBXBuildFile; fileRef = 78E631802BFD7B680053B38D /* ImageDownloader.swift */; };
/* End PBXBuildFile section */

/* Begin PBXFileReference section */
		782BA9672BF5A244008F7EE2 /* AppPreviewBasicCell.swift */ = {isa = PBXFileReference; lastKnownFileType = sourcecode.swift; path = AppPreviewBasicCell.swift; sourceTree = "<group>"; };
		782BA9692BF5C2FB008F7EE2 /* AppPreviewBasicHeaderView.swift */ = {isa = PBXFileReference; lastKnownFileType = sourcecode.swift; path = AppPreviewBasicHeaderView.swift; sourceTree = "<group>"; };
		7836117E2BFB26300045B6EC /* API.swift */ = {isa = PBXFileReference; lastKnownFileType = sourcecode.swift; path = API.swift; sourceTree = "<group>"; };
		783611812BFB26770045B6EC /* AppInfo.swift */ = {isa = PBXFileReference; lastKnownFileType = sourcecode.swift; path = AppInfo.swift; sourceTree = "<group>"; };
		783611832BFB28510045B6EC /* APISearchResult.swift */ = {isa = PBXFileReference; lastKnownFileType = sourcecode.swift; path = APISearchResult.swift; sourceTree = "<group>"; };
		783611852BFB28EF0045B6EC /* Constants.swift */ = {isa = PBXFileReference; lastKnownFileType = sourcecode.swift; path = Constants.swift; sourceTree = "<group>"; };
		783611882BFB3B3F0045B6EC /* RatingInfoDashboardRouter.swift */ = {isa = PBXFileReference; lastKnownFileType = sourcecode.swift; path = RatingInfoDashboardRouter.swift; sourceTree = "<group>"; };
		783611892BFB3B3F0045B6EC /* RatingInfoDashboardViewController.swift */ = {isa = PBXFileReference; lastKnownFileType = sourcecode.swift; path = RatingInfoDashboardViewController.swift; sourceTree = "<group>"; };
		7836118A2BFB3B3F0045B6EC /* RatingInfoDashboardBuilder.swift */ = {isa = PBXFileReference; lastKnownFileType = sourcecode.swift; path = RatingInfoDashboardBuilder.swift; sourceTree = "<group>"; };
		7836118B2BFB3B3F0045B6EC /* RatingInfoDashboardInteractor.swift */ = {isa = PBXFileReference; lastKnownFileType = sourcecode.swift; path = RatingInfoDashboardInteractor.swift; sourceTree = "<group>"; };
		783611902BFB42070045B6EC /* RatingInfoCell.swift */ = {isa = PBXFileReference; lastKnownFileType = sourcecode.swift; path = RatingInfoCell.swift; sourceTree = "<group>"; };
		785711222BF2F49C00008AFD /* AppStoreClone.app */ = {isa = PBXFileReference; explicitFileType = wrapper.application; includeInIndex = 0; path = AppStoreClone.app; sourceTree = BUILT_PRODUCTS_DIR; };
		785711252BF2F49C00008AFD /* AppDelegate.swift */ = {isa = PBXFileReference; lastKnownFileType = sourcecode.swift; path = AppDelegate.swift; sourceTree = "<group>"; };
		7857112E2BF2F49D00008AFD /* Assets.xcassets */ = {isa = PBXFileReference; lastKnownFileType = folder.assetcatalog; path = Assets.xcassets; sourceTree = "<group>"; };
		785711312BF2F49D00008AFD /* Base */ = {isa = PBXFileReference; lastKnownFileType = file.storyboard; name = Base; path = Base.lproj/LaunchScreen.storyboard; sourceTree = "<group>"; };
		785711332BF2F49D00008AFD /* Info.plist */ = {isa = PBXFileReference; lastKnownFileType = text.plist.xml; path = Info.plist; sourceTree = "<group>"; };
		785711422BF2F85400008AFD /* AppComponent.swift */ = {isa = PBXFileReference; lastKnownFileType = sourcecode.swift; path = AppComponent.swift; sourceTree = "<group>"; };
		785711442BF2FAAA00008AFD /* AppRootRouter.swift */ = {isa = PBXFileReference; lastKnownFileType = sourcecode.swift; path = AppRootRouter.swift; sourceTree = "<group>"; };
		785711452BF2FAAA00008AFD /* RootTabBarController.swift */ = {isa = PBXFileReference; lastKnownFileType = sourcecode.swift; path = RootTabBarController.swift; sourceTree = "<group>"; };
		785711462BF2FAAA00008AFD /* AppRootBuilder.swift */ = {isa = PBXFileReference; lastKnownFileType = sourcecode.swift; path = AppRootBuilder.swift; sourceTree = "<group>"; };
		785711472BF2FAAA00008AFD /* AppRootInteractor.swift */ = {isa = PBXFileReference; lastKnownFileType = sourcecode.swift; path = AppRootInteractor.swift; sourceTree = "<group>"; };
		7857114C2BF2FAB800008AFD /* AppsHomeRouter.swift */ = {isa = PBXFileReference; lastKnownFileType = sourcecode.swift; path = AppsHomeRouter.swift; sourceTree = "<group>"; };
		7857114D2BF2FAB800008AFD /* AppsHomeViewController.swift */ = {isa = PBXFileReference; lastKnownFileType = sourcecode.swift; path = AppsHomeViewController.swift; sourceTree = "<group>"; };
		7857114E2BF2FAB800008AFD /* AppsHomeBuilder.swift */ = {isa = PBXFileReference; lastKnownFileType = sourcecode.swift; path = AppsHomeBuilder.swift; sourceTree = "<group>"; };
		7857114F2BF2FAB800008AFD /* AppsHomeInteractor.swift */ = {isa = PBXFileReference; lastKnownFileType = sourcecode.swift; path = AppsHomeInteractor.swift; sourceTree = "<group>"; };
		785711542BF2FAC200008AFD /* SearchHomeRouter.swift */ = {isa = PBXFileReference; lastKnownFileType = sourcecode.swift; path = SearchHomeRouter.swift; sourceTree = "<group>"; };
		785711552BF2FAC200008AFD /* SearchHomeViewController.swift */ = {isa = PBXFileReference; lastKnownFileType = sourcecode.swift; path = SearchHomeViewController.swift; sourceTree = "<group>"; };
		785711562BF2FAC200008AFD /* SearchHomeBuilder.swift */ = {isa = PBXFileReference; lastKnownFileType = sourcecode.swift; path = SearchHomeBuilder.swift; sourceTree = "<group>"; };
		785711572BF2FAC200008AFD /* SearchHomeInteractor.swift */ = {isa = PBXFileReference; lastKnownFileType = sourcecode.swift; path = SearchHomeInteractor.swift; sourceTree = "<group>"; };
		7857115D2BF2FF8E00008AFD /* RIBs+Extension.swift */ = {isa = PBXFileReference; lastKnownFileType = sourcecode.swift; path = "RIBs+Extension.swift"; sourceTree = "<group>"; };
		785711622BF33C9800008AFD /* AppPreviewBasicView.swift */ = {isa = PBXFileReference; lastKnownFileType = sourcecode.swift; path = AppPreviewBasicView.swift; sourceTree = "<group>"; };
		785711642BF33DA500008AFD /* UIView+Extension.swift */ = {isa = PBXFileReference; lastKnownFileType = sourcecode.swift; path = "UIView+Extension.swift"; sourceTree = "<group>"; };
		785711662BF33E3B00008AFD /* UIImage+Extension.swift */ = {isa = PBXFileReference; lastKnownFileType = sourcecode.swift; path = "UIImage+Extension.swift"; sourceTree = "<group>"; };
		78A853052BF855A4001D64A7 /* TopInfoDashboardRouter.swift */ = {isa = PBXFileReference; lastKnownFileType = sourcecode.swift; path = TopInfoDashboardRouter.swift; sourceTree = "<group>"; };
		78A853062BF855A4001D64A7 /* TopInfoDashboardViewController.swift */ = {isa = PBXFileReference; lastKnownFileType = sourcecode.swift; path = TopInfoDashboardViewController.swift; sourceTree = "<group>"; };
		78A853072BF855A4001D64A7 /* TopInfoDashboardBuilder.swift */ = {isa = PBXFileReference; lastKnownFileType = sourcecode.swift; path = TopInfoDashboardBuilder.swift; sourceTree = "<group>"; };
		78A853082BF855A4001D64A7 /* TopInfoDashboardInteractor.swift */ = {isa = PBXFileReference; lastKnownFileType = sourcecode.swift; path = TopInfoDashboardInteractor.swift; sourceTree = "<group>"; };
		78CF31D12BF6F6F40046753D /* Array+Extension.swift */ = {isa = PBXFileReference; lastKnownFileType = sourcecode.swift; path = "Array+Extension.swift"; sourceTree = "<group>"; };
		78CF31D42BF7210B0046753D /* CollectionViewSectionModel.swift */ = {isa = PBXFileReference; lastKnownFileType = sourcecode.swift; path = CollectionViewSectionModel.swift; sourceTree = "<group>"; };
		78CF31D72BF721610046753D /* CollectionViewSection.swift */ = {isa = PBXFileReference; lastKnownFileType = sourcecode.swift; path = CollectionViewSection.swift; sourceTree = "<group>"; };
		78CF31D92BF7218D0046753D /* CollectionViewItem.swift */ = {isa = PBXFileReference; lastKnownFileType = sourcecode.swift; path = CollectionViewItem.swift; sourceTree = "<group>"; };
		78CF31DB2BF721D20046753D /* AppPreviewInfo.swift */ = {isa = PBXFileReference; lastKnownFileType = sourcecode.swift; path = AppPreviewInfo.swift; sourceTree = "<group>"; };
		78CF31DE2BF7260C0046753D /* ShowAllAppsRouter.swift */ = {isa = PBXFileReference; lastKnownFileType = sourcecode.swift; path = ShowAllAppsRouter.swift; sourceTree = "<group>"; };
		78CF31DF2BF7260C0046753D /* ShowAllAppsViewController.swift */ = {isa = PBXFileReference; lastKnownFileType = sourcecode.swift; path = ShowAllAppsViewController.swift; sourceTree = "<group>"; };
		78CF31E02BF7260C0046753D /* ShowAllAppsBuilder.swift */ = {isa = PBXFileReference; lastKnownFileType = sourcecode.swift; path = ShowAllAppsBuilder.swift; sourceTree = "<group>"; };
		78CF31E12BF7260C0046753D /* ShowAllAppsInteractor.swift */ = {isa = PBXFileReference; lastKnownFileType = sourcecode.swift; path = ShowAllAppsInteractor.swift; sourceTree = "<group>"; };
		78CF31E62BF736AA0046753D /* UIViewController+Extension.swift */ = {isa = PBXFileReference; lastKnownFileType = sourcecode.swift; path = "UIViewController+Extension.swift"; sourceTree = "<group>"; };
		78CF31E92BF747B30046753D /* AppDetailsRouter.swift */ = {isa = PBXFileReference; lastKnownFileType = sourcecode.swift; path = AppDetailsRouter.swift; sourceTree = "<group>"; };
		78CF31EA2BF747B30046753D /* AppDetailsViewController.swift */ = {isa = PBXFileReference; lastKnownFileType = sourcecode.swift; path = AppDetailsViewController.swift; sourceTree = "<group>"; };
		78CF31EB2BF747B30046753D /* AppDetailsBuilder.swift */ = {isa = PBXFileReference; lastKnownFileType = sourcecode.swift; path = AppDetailsBuilder.swift; sourceTree = "<group>"; };
		78CF31EC2BF747B30046753D /* AppDetailsInteractor.swift */ = {isa = PBXFileReference; lastKnownFileType = sourcecode.swift; path = AppDetailsInteractor.swift; sourceTree = "<group>"; };
		78E6317C2BFD7B4C0053B38D /* MemoryCacheManager.swift */ = {isa = PBXFileReference; lastKnownFileType = sourcecode.swift; path = MemoryCacheManager.swift; sourceTree = "<group>"; };
		78E6317E2BFD7B580053B38D /* DiskCacheUtil.swift */ = {isa = PBXFileReference; lastKnownFileType = sourcecode.swift; path = DiskCacheUtil.swift; sourceTree = "<group>"; };
		78E631802BFD7B680053B38D /* ImageDownloader.swift */ = {isa = PBXFileReference; lastKnownFileType = sourcecode.swift; path = ImageDownloader.swift; sourceTree = "<group>"; };
/* End PBXFileReference section */

/* Begin PBXFrameworksBuildPhase section */
		7857111F2BF2F49C00008AFD /* Frameworks */ = {
			isa = PBXFrameworksBuildPhase;
			buildActionMask = 2147483647;
			files = (
				785711412BF2F84100008AFD /* RIBs in Frameworks */,
			);
			runOnlyForDeploymentPostprocessing = 0;
		};
/* End PBXFrameworksBuildPhase section */

/* Begin PBXGroup section */
		7836117C2BFB24A90045B6EC /* Networking */ = {
			isa = PBXGroup;
			children = (
				7836117E2BFB26300045B6EC /* API.swift */,
				78E631802BFD7B680053B38D /* ImageDownloader.swift */,
			);
			path = Networking;
			sourceTree = "<group>";
		};
		783611872BFB3B280045B6EC /* RatingInfoDashboard */ = {
			isa = PBXGroup;
			children = (
				783611882BFB3B3F0045B6EC /* RatingInfoDashboardRouter.swift */,
				783611892BFB3B3F0045B6EC /* RatingInfoDashboardViewController.swift */,
				7836118A2BFB3B3F0045B6EC /* RatingInfoDashboardBuilder.swift */,
				7836118B2BFB3B3F0045B6EC /* RatingInfoDashboardInteractor.swift */,
			);
			path = RatingInfoDashboard;
			sourceTree = "<group>";
		};
		785711192BF2F49C00008AFD = {
			isa = PBXGroup;
			children = (
				785711242BF2F49C00008AFD /* AppStoreClone */,
				785711232BF2F49C00008AFD /* Products */,
			);
			sourceTree = "<group>";
		};
		785711232BF2F49C00008AFD /* Products */ = {
			isa = PBXGroup;
			children = (
				785711222BF2F49C00008AFD /* AppStoreClone.app */,
			);
			name = Products;
			sourceTree = "<group>";
		};
		785711242BF2F49C00008AFD /* AppStoreClone */ = {
			isa = PBXGroup;
			children = (
				785711392BF2F60E00008AFD /* AppDelegate */,
				7857113D2BF2F6CE00008AFD /* AppRoot */,
				7857113C2BF2F6C800008AFD /* AppsHome */,
				7857113E2BF2F6D300008AFD /* SearchHome */,
				78CF31E82BF7474D0046753D /* AppDetails */,
				78CF31D32BF71A590046753D /* Models */,
				7836117C2BFB24A90045B6EC /* Networking */,
				7857115F2BF3394300008AFD /* ReuseableViews */,
				7857115C2BF2FF8100008AFD /* Utils */,
				785711302BF2F49D00008AFD /* LaunchScreen.storyboard */,
				785711332BF2F49D00008AFD /* Info.plist */,
				7857112E2BF2F49D00008AFD /* Assets.xcassets */,
			);
			path = AppStoreClone;
			sourceTree = "<group>";
		};
		785711392BF2F60E00008AFD /* AppDelegate */ = {
			isa = PBXGroup;
			children = (
				785711252BF2F49C00008AFD /* AppDelegate.swift */,
				785711422BF2F85400008AFD /* AppComponent.swift */,
			);
			path = AppDelegate;
			sourceTree = "<group>";
		};
		7857113C2BF2F6C800008AFD /* AppsHome */ = {
			isa = PBXGroup;
			children = (
				78CF31DD2BF725DF0046753D /* ShowAllApps */,
				7857114C2BF2FAB800008AFD /* AppsHomeRouter.swift */,
				7857114D2BF2FAB800008AFD /* AppsHomeViewController.swift */,
				7857114E2BF2FAB800008AFD /* AppsHomeBuilder.swift */,
				7857114F2BF2FAB800008AFD /* AppsHomeInteractor.swift */,
			);
			path = AppsHome;
			sourceTree = "<group>";
		};
		7857113D2BF2F6CE00008AFD /* AppRoot */ = {
			isa = PBXGroup;
			children = (
				785711442BF2FAAA00008AFD /* AppRootRouter.swift */,
				785711462BF2FAAA00008AFD /* AppRootBuilder.swift */,
				785711472BF2FAAA00008AFD /* AppRootInteractor.swift */,
				785711452BF2FAAA00008AFD /* RootTabBarController.swift */,
			);
			path = AppRoot;
			sourceTree = "<group>";
		};
		7857113E2BF2F6D300008AFD /* SearchHome */ = {
			isa = PBXGroup;
			children = (
				785711542BF2FAC200008AFD /* SearchHomeRouter.swift */,
				785711552BF2FAC200008AFD /* SearchHomeViewController.swift */,
				785711562BF2FAC200008AFD /* SearchHomeBuilder.swift */,
				785711572BF2FAC200008AFD /* SearchHomeInteractor.swift */,
			);
			path = SearchHome;
			sourceTree = "<group>";
		};
		7857115C2BF2FF8100008AFD /* Utils */ = {
			isa = PBXGroup;
			children = (
				78E6317B2BFD7B1B0053B38D /* Extensions */,
				783611852BFB28EF0045B6EC /* Constants.swift */,
				78E6317C2BFD7B4C0053B38D /* MemoryCacheManager.swift */,
				78E6317E2BFD7B580053B38D /* DiskCacheUtil.swift */,
			);
			path = Utils;
			sourceTree = "<group>";
		};
		7857115F2BF3394300008AFD /* ReuseableViews */ = {
			isa = PBXGroup;
			children = (
				78CF31CE2BF6EBF40046753D /* Views */,
				78CF31D02BF6EC3A0046753D /* HeaderViews */,
				78CF31CF2BF6EBFB0046753D /* Cells */,
			);
			path = ReuseableViews;
			sourceTree = "<group>";
		};
		78A853042BF8552F001D64A7 /* TopInfoDashboard */ = {
			isa = PBXGroup;
			children = (
				78A853052BF855A4001D64A7 /* TopInfoDashboardRouter.swift */,
				78A853062BF855A4001D64A7 /* TopInfoDashboardViewController.swift */,
				78A853072BF855A4001D64A7 /* TopInfoDashboardBuilder.swift */,
				78A853082BF855A4001D64A7 /* TopInfoDashboardInteractor.swift */,
			);
			path = TopInfoDashboard;
			sourceTree = "<group>";
		};
		78CF31CE2BF6EBF40046753D /* Views */ = {
			isa = PBXGroup;
			children = (
				785711622BF33C9800008AFD /* AppPreviewBasicView.swift */,
			);
			path = Views;
			sourceTree = "<group>";
		};
		78CF31CF2BF6EBFB0046753D /* Cells */ = {
			isa = PBXGroup;
			children = (
				782BA9672BF5A244008F7EE2 /* AppPreviewBasicCell.swift */,
				783611902BFB42070045B6EC /* RatingInfoCell.swift */,
			);
			path = Cells;
			sourceTree = "<group>";
		};
		78CF31D02BF6EC3A0046753D /* HeaderViews */ = {
			isa = PBXGroup;
			children = (
				782BA9692BF5C2FB008F7EE2 /* AppPreviewBasicHeaderView.swift */,
			);
			path = HeaderViews;
			sourceTree = "<group>";
		};
		78CF31D32BF71A590046753D /* Models */ = {
			isa = PBXGroup;
			children = (
				783611812BFB26770045B6EC /* AppInfo.swift */,
				78CF31DB2BF721D20046753D /* AppPreviewInfo.swift */,
				783611832BFB28510045B6EC /* APISearchResult.swift */,
				78CF31D62BF721500046753D /* CollectionView */,
			);
			path = Models;
			sourceTree = "<group>";
		};
		78CF31D62BF721500046753D /* CollectionView */ = {
			isa = PBXGroup;
			children = (
				78CF31D92BF7218D0046753D /* CollectionViewItem.swift */,
				78CF31D72BF721610046753D /* CollectionViewSection.swift */,
				78CF31D42BF7210B0046753D /* CollectionViewSectionModel.swift */,
			);
			path = CollectionView;
			sourceTree = "<group>";
		};
		78CF31DD2BF725DF0046753D /* ShowAllApps */ = {
			isa = PBXGroup;
			children = (
				78CF31DE2BF7260C0046753D /* ShowAllAppsRouter.swift */,
				78CF31DF2BF7260C0046753D /* ShowAllAppsViewController.swift */,
				78CF31E02BF7260C0046753D /* ShowAllAppsBuilder.swift */,
				78CF31E12BF7260C0046753D /* ShowAllAppsInteractor.swift */,
			);
			path = ShowAllApps;
			sourceTree = "<group>";
		};
		78CF31E82BF7474D0046753D /* AppDetails */ = {
			isa = PBXGroup;
			children = (
				78A853042BF8552F001D64A7 /* TopInfoDashboard */,
				783611872BFB3B280045B6EC /* RatingInfoDashboard */,
				78CF31E92BF747B30046753D /* AppDetailsRouter.swift */,
				78CF31EA2BF747B30046753D /* AppDetailsViewController.swift */,
				78CF31EB2BF747B30046753D /* AppDetailsBuilder.swift */,
				78CF31EC2BF747B30046753D /* AppDetailsInteractor.swift */,
			);
			path = AppDetails;
			sourceTree = "<group>";
		};
		78E6317B2BFD7B1B0053B38D /* Extensions */ = {
			isa = PBXGroup;
			children = (
				7857115D2BF2FF8E00008AFD /* RIBs+Extension.swift */,
				785711642BF33DA500008AFD /* UIView+Extension.swift */,
				785711662BF33E3B00008AFD /* UIImage+Extension.swift */,
				78CF31D12BF6F6F40046753D /* Array+Extension.swift */,
				78CF31E62BF736AA0046753D /* UIViewController+Extension.swift */,
			);
			path = Extensions;
			sourceTree = "<group>";
		};
/* End PBXGroup section */

/* Begin PBXNativeTarget section */
		785711212BF2F49C00008AFD /* AppStoreClone */ = {
			isa = PBXNativeTarget;
			buildConfigurationList = 785711362BF2F49D00008AFD /* Build configuration list for PBXNativeTarget "AppStoreClone" */;
			buildPhases = (
				7857111E2BF2F49C00008AFD /* Sources */,
				7857111F2BF2F49C00008AFD /* Frameworks */,
				785711202BF2F49C00008AFD /* Resources */,
			);
			buildRules = (
			);
			dependencies = (
			);
			name = AppStoreClone;
			packageProductDependencies = (
				785711402BF2F84100008AFD /* RIBs */,
			);
			productName = RIBsPractice;
			productReference = 785711222BF2F49C00008AFD /* AppStoreClone.app */;
			productType = "com.apple.product-type.application";
		};
/* End PBXNativeTarget section */

/* Begin PBXProject section */
		7857111A2BF2F49C00008AFD /* Project object */ = {
			isa = PBXProject;
			attributes = {
				BuildIndependentTargetsInParallel = 1;
				LastSwiftUpdateCheck = 1500;
				LastUpgradeCheck = 1500;
				TargetAttributes = {
					785711212BF2F49C00008AFD = {
						CreatedOnToolsVersion = 15.0.1;
					};
				};
			};
			buildConfigurationList = 7857111D2BF2F49C00008AFD /* Build configuration list for PBXProject "AppStoreClone" */;
			compatibilityVersion = "Xcode 14.0";
			developmentRegion = en;
			hasScannedForEncodings = 0;
			knownRegions = (
				en,
				Base,
			);
			mainGroup = 785711192BF2F49C00008AFD;
			packageReferences = (
				7857113F2BF2F84100008AFD /* XCRemoteSwiftPackageReference "RIBs" */,
			);
			productRefGroup = 785711232BF2F49C00008AFD /* Products */;
			projectDirPath = "";
			projectRoot = "";
			targets = (
				785711212BF2F49C00008AFD /* AppStoreClone */,
			);
		};
/* End PBXProject section */

/* Begin PBXResourcesBuildPhase section */
		785711202BF2F49C00008AFD /* Resources */ = {
			isa = PBXResourcesBuildPhase;
			buildActionMask = 2147483647;
			files = (
				785711322BF2F49D00008AFD /* LaunchScreen.storyboard in Resources */,
				7857112F2BF2F49D00008AFD /* Assets.xcassets in Resources */,
			);
			runOnlyForDeploymentPostprocessing = 0;
		};
/* End PBXResourcesBuildPhase section */

/* Begin PBXSourcesBuildPhase section */
		7857111E2BF2F49C00008AFD /* Sources */ = {
			isa = PBXSourcesBuildPhase;
			buildActionMask = 2147483647;
			files = (
				78CF31DC2BF721D20046753D /* AppPreviewInfo.swift in Sources */,
				78CF31E22BF7260C0046753D /* ShowAllAppsRouter.swift in Sources */,
				7857115E2BF2FF8E00008AFD /* RIBs+Extension.swift in Sources */,
				7857114A2BF2FAAA00008AFD /* AppRootBuilder.swift in Sources */,
				78CF31E42BF7260C0046753D /* ShowAllAppsBuilder.swift in Sources */,
				78CF31F02BF747B30046753D /* AppDetailsInteractor.swift in Sources */,
				783611842BFB28510045B6EC /* APISearchResult.swift in Sources */,
				785711262BF2F49C00008AFD /* AppDelegate.swift in Sources */,
				7857114B2BF2FAAA00008AFD /* AppRootInteractor.swift in Sources */,
				785711632BF33C9800008AFD /* AppPreviewBasicView.swift in Sources */,
				785711582BF2FAC200008AFD /* SearchHomeRouter.swift in Sources */,
				783611862BFB28EF0045B6EC /* Constants.swift in Sources */,
				78CF31ED2BF747B30046753D /* AppDetailsRouter.swift in Sources */,
				785711512BF2FAB800008AFD /* AppsHomeViewController.swift in Sources */,
				782BA9682BF5A244008F7EE2 /* AppPreviewBasicCell.swift in Sources */,
				78A8530A2BF855A4001D64A7 /* TopInfoDashboardViewController.swift in Sources */,
				78E6317F2BFD7B580053B38D /* DiskCacheUtil.swift in Sources */,
				78E631812BFD7B680053B38D /* ImageDownloader.swift in Sources */,
				78CF31D22BF6F6F40046753D /* Array+Extension.swift in Sources */,
				7857115B2BF2FAC200008AFD /* SearchHomeInteractor.swift in Sources */,
				782BA96A2BF5C2FB008F7EE2 /* AppPreviewBasicHeaderView.swift in Sources */,
				78CF31E72BF736AA0046753D /* UIViewController+Extension.swift in Sources */,
				785711522BF2FAB800008AFD /* AppsHomeBuilder.swift in Sources */,
				785711432BF2F85400008AFD /* AppComponent.swift in Sources */,
				7836118E2BFB3B3F0045B6EC /* RatingInfoDashboardBuilder.swift in Sources */,
				785711492BF2FAAA00008AFD /* RootTabBarController.swift in Sources */,
				783611822BFB26770045B6EC /* AppInfo.swift in Sources */,
				783611912BFB42070045B6EC /* RatingInfoCell.swift in Sources */,
				78A8530B2BF855A4001D64A7 /* TopInfoDashboardBuilder.swift in Sources */,
				785711672BF33E3B00008AFD /* UIImage+Extension.swift in Sources */,
				78A853092BF855A4001D64A7 /* TopInfoDashboardRouter.swift in Sources */,
				785711532BF2FAB800008AFD /* AppsHomeInteractor.swift in Sources */,
				78CF31D52BF7210B0046753D /* CollectionViewSectionModel.swift in Sources */,
				78CF31D82BF721610046753D /* CollectionViewSection.swift in Sources */,
				7857115A2BF2FAC200008AFD /* SearchHomeBuilder.swift in Sources */,
				78A8530C2BF855A4001D64A7 /* TopInfoDashboardInteractor.swift in Sources */,
				78CF31EF2BF747B30046753D /* AppDetailsBuilder.swift in Sources */,
				7836118F2BFB3B3F0045B6EC /* RatingInfoDashboardInteractor.swift in Sources */,
				785711652BF33DA500008AFD /* UIView+Extension.swift in Sources */,
				78CF31E52BF7260C0046753D /* ShowAllAppsInteractor.swift in Sources */,
				78CF31E32BF7260C0046753D /* ShowAllAppsViewController.swift in Sources */,
				785711502BF2FAB800008AFD /* AppsHomeRouter.swift in Sources */,
				7836117F2BFB26300045B6EC /* API.swift in Sources */,
				785711482BF2FAAA00008AFD /* AppRootRouter.swift in Sources */,
				78CF31DA2BF7218D0046753D /* CollectionViewItem.swift in Sources */,
				78E6317D2BFD7B4C0053B38D /* MemoryCacheManager.swift in Sources */,
				785711592BF2FAC200008AFD /* SearchHomeViewController.swift in Sources */,
				78CF31EE2BF747B30046753D /* AppDetailsViewController.swift in Sources */,
				7836118D2BFB3B3F0045B6EC /* RatingInfoDashboardViewController.swift in Sources */,
				7836118C2BFB3B3F0045B6EC /* RatingInfoDashboardRouter.swift in Sources */,
			);
			runOnlyForDeploymentPostprocessing = 0;
		};
/* End PBXSourcesBuildPhase section */

/* Begin PBXVariantGroup section */
		785711302BF2F49D00008AFD /* LaunchScreen.storyboard */ = {
			isa = PBXVariantGroup;
			children = (
				785711312BF2F49D00008AFD /* Base */,
			);
			name = LaunchScreen.storyboard;
			sourceTree = "<group>";
		};
/* End PBXVariantGroup section */

/* Begin XCBuildConfiguration section */
		785711342BF2F49D00008AFD /* Debug */ = {
			isa = XCBuildConfiguration;
			buildSettings = {
				ALWAYS_SEARCH_USER_PATHS = NO;
				ASSETCATALOG_COMPILER_GENERATE_SWIFT_ASSET_SYMBOL_EXTENSIONS = YES;
				CLANG_ANALYZER_NONNULL = YES;
				CLANG_ANALYZER_NUMBER_OBJECT_CONVERSION = YES_AGGRESSIVE;
				CLANG_CXX_LANGUAGE_STANDARD = "gnu++20";
				CLANG_ENABLE_MODULES = YES;
				CLANG_ENABLE_OBJC_ARC = YES;
				CLANG_ENABLE_OBJC_WEAK = YES;
				CLANG_WARN_BLOCK_CAPTURE_AUTORELEASING = YES;
				CLANG_WARN_BOOL_CONVERSION = YES;
				CLANG_WARN_COMMA = YES;
				CLANG_WARN_CONSTANT_CONVERSION = YES;
				CLANG_WARN_DEPRECATED_OBJC_IMPLEMENTATIONS = YES;
				CLANG_WARN_DIRECT_OBJC_ISA_USAGE = YES_ERROR;
				CLANG_WARN_DOCUMENTATION_COMMENTS = YES;
				CLANG_WARN_EMPTY_BODY = YES;
				CLANG_WARN_ENUM_CONVERSION = YES;
				CLANG_WARN_INFINITE_RECURSION = YES;
				CLANG_WARN_INT_CONVERSION = YES;
				CLANG_WARN_NON_LITERAL_NULL_CONVERSION = YES;
				CLANG_WARN_OBJC_IMPLICIT_RETAIN_SELF = YES;
				CLANG_WARN_OBJC_LITERAL_CONVERSION = YES;
				CLANG_WARN_OBJC_ROOT_CLASS = YES_ERROR;
				CLANG_WARN_QUOTED_INCLUDE_IN_FRAMEWORK_HEADER = YES;
				CLANG_WARN_RANGE_LOOP_ANALYSIS = YES;
				CLANG_WARN_STRICT_PROTOTYPES = YES;
				CLANG_WARN_SUSPICIOUS_MOVE = YES;
				CLANG_WARN_UNGUARDED_AVAILABILITY = YES_AGGRESSIVE;
				CLANG_WARN_UNREACHABLE_CODE = YES;
				CLANG_WARN__DUPLICATE_METHOD_MATCH = YES;
				COPY_PHASE_STRIP = NO;
				DEBUG_INFORMATION_FORMAT = dwarf;
				ENABLE_STRICT_OBJC_MSGSEND = YES;
				ENABLE_TESTABILITY = YES;
				ENABLE_USER_SCRIPT_SANDBOXING = YES;
				GCC_C_LANGUAGE_STANDARD = gnu17;
				GCC_DYNAMIC_NO_PIC = NO;
				GCC_NO_COMMON_BLOCKS = YES;
				GCC_OPTIMIZATION_LEVEL = 0;
				GCC_PREPROCESSOR_DEFINITIONS = (
					"DEBUG=1",
					"$(inherited)",
				);
				GCC_WARN_64_TO_32_BIT_CONVERSION = YES;
				GCC_WARN_ABOUT_RETURN_TYPE = YES_ERROR;
				GCC_WARN_UNDECLARED_SELECTOR = YES;
				GCC_WARN_UNINITIALIZED_AUTOS = YES_AGGRESSIVE;
				GCC_WARN_UNUSED_FUNCTION = YES;
				GCC_WARN_UNUSED_VARIABLE = YES;
				IPHONEOS_DEPLOYMENT_TARGET = 14.0;
				LOCALIZATION_PREFERS_STRING_CATALOGS = YES;
				MTL_ENABLE_DEBUG_INFO = INCLUDE_SOURCE;
				MTL_FAST_MATH = YES;
				ONLY_ACTIVE_ARCH = YES;
				SDKROOT = iphoneos;
				SWIFT_ACTIVE_COMPILATION_CONDITIONS = "DEBUG $(inherited)";
				SWIFT_OPTIMIZATION_LEVEL = "-Onone";
			};
			name = Debug;
		};
		785711352BF2F49D00008AFD /* Release */ = {
			isa = XCBuildConfiguration;
			buildSettings = {
				ALWAYS_SEARCH_USER_PATHS = NO;
				ASSETCATALOG_COMPILER_GENERATE_SWIFT_ASSET_SYMBOL_EXTENSIONS = YES;
				CLANG_ANALYZER_NONNULL = YES;
				CLANG_ANALYZER_NUMBER_OBJECT_CONVERSION = YES_AGGRESSIVE;
				CLANG_CXX_LANGUAGE_STANDARD = "gnu++20";
				CLANG_ENABLE_MODULES = YES;
				CLANG_ENABLE_OBJC_ARC = YES;
				CLANG_ENABLE_OBJC_WEAK = YES;
				CLANG_WARN_BLOCK_CAPTURE_AUTORELEASING = YES;
				CLANG_WARN_BOOL_CONVERSION = YES;
				CLANG_WARN_COMMA = YES;
				CLANG_WARN_CONSTANT_CONVERSION = YES;
				CLANG_WARN_DEPRECATED_OBJC_IMPLEMENTATIONS = YES;
				CLANG_WARN_DIRECT_OBJC_ISA_USAGE = YES_ERROR;
				CLANG_WARN_DOCUMENTATION_COMMENTS = YES;
				CLANG_WARN_EMPTY_BODY = YES;
				CLANG_WARN_ENUM_CONVERSION = YES;
				CLANG_WARN_INFINITE_RECURSION = YES;
				CLANG_WARN_INT_CONVERSION = YES;
				CLANG_WARN_NON_LITERAL_NULL_CONVERSION = YES;
				CLANG_WARN_OBJC_IMPLICIT_RETAIN_SELF = YES;
				CLANG_WARN_OBJC_LITERAL_CONVERSION = YES;
				CLANG_WARN_OBJC_ROOT_CLASS = YES_ERROR;
				CLANG_WARN_QUOTED_INCLUDE_IN_FRAMEWORK_HEADER = YES;
				CLANG_WARN_RANGE_LOOP_ANALYSIS = YES;
				CLANG_WARN_STRICT_PROTOTYPES = YES;
				CLANG_WARN_SUSPICIOUS_MOVE = YES;
				CLANG_WARN_UNGUARDED_AVAILABILITY = YES_AGGRESSIVE;
				CLANG_WARN_UNREACHABLE_CODE = YES;
				CLANG_WARN__DUPLICATE_METHOD_MATCH = YES;
				COPY_PHASE_STRIP = NO;
				DEBUG_INFORMATION_FORMAT = "dwarf-with-dsym";
				ENABLE_NS_ASSERTIONS = NO;
				ENABLE_STRICT_OBJC_MSGSEND = YES;
				ENABLE_USER_SCRIPT_SANDBOXING = YES;
				GCC_C_LANGUAGE_STANDARD = gnu17;
				GCC_NO_COMMON_BLOCKS = YES;
				GCC_WARN_64_TO_32_BIT_CONVERSION = YES;
				GCC_WARN_ABOUT_RETURN_TYPE = YES_ERROR;
				GCC_WARN_UNDECLARED_SELECTOR = YES;
				GCC_WARN_UNINITIALIZED_AUTOS = YES_AGGRESSIVE;
				GCC_WARN_UNUSED_FUNCTION = YES;
				GCC_WARN_UNUSED_VARIABLE = YES;
				IPHONEOS_DEPLOYMENT_TARGET = 14.0;
				LOCALIZATION_PREFERS_STRING_CATALOGS = YES;
				MTL_ENABLE_DEBUG_INFO = NO;
				MTL_FAST_MATH = YES;
				SDKROOT = iphoneos;
				SWIFT_COMPILATION_MODE = wholemodule;
				VALIDATE_PRODUCT = YES;
			};
			name = Release;
		};
		785711372BF2F49D00008AFD /* Debug */ = {
			isa = XCBuildConfiguration;
			buildSettings = {
				ASSETCATALOG_COMPILER_APPICON_NAME = AppIcon;
				ASSETCATALOG_COMPILER_GLOBAL_ACCENT_COLOR_NAME = AccentColor;
				CODE_SIGN_STYLE = Automatic;
				CURRENT_PROJECT_VERSION = 1;
				DEVELOPMENT_TEAM = 5WNP4LSBY4;
				GENERATE_INFOPLIST_FILE = YES;
				INFOPLIST_FILE = AppStoreClone/Info.plist;
				INFOPLIST_KEY_UIApplicationSupportsIndirectInputEvents = YES;
				INFOPLIST_KEY_UILaunchStoryboardName = LaunchScreen;
				INFOPLIST_KEY_UISupportedInterfaceOrientations = UIInterfaceOrientationPortrait;
				INFOPLIST_KEY_UISupportedInterfaceOrientations_iPad = "UIInterfaceOrientationLandscapeLeft UIInterfaceOrientationLandscapeRight UIInterfaceOrientationPortrait UIInterfaceOrientationPortraitUpsideDown";
				IPHONEOS_DEPLOYMENT_TARGET = 14.0;
				LD_RUNPATH_SEARCH_PATHS = (
					"$(inherited)",
					"@executable_path/Frameworks",
				);
				MARKETING_VERSION = 1.0;
				PRODUCT_BUNDLE_IDENTIFIER = com.cyeond.AppStoreClone;
				PRODUCT_NAME = "$(TARGET_NAME)";
				SUPPORTED_PLATFORMS = "iphoneos iphonesimulator";
				SUPPORTS_MACCATALYST = NO;
				SUPPORTS_MAC_DESIGNED_FOR_IPHONE_IPAD = NO;
				SWIFT_EMIT_LOC_STRINGS = YES;
				SWIFT_VERSION = 5.0;
				TARGETED_DEVICE_FAMILY = 1;
			};
			name = Debug;
		};
		785711382BF2F49D00008AFD /* Release */ = {
			isa = XCBuildConfiguration;
			buildSettings = {
				ASSETCATALOG_COMPILER_APPICON_NAME = AppIcon;
				ASSETCATALOG_COMPILER_GLOBAL_ACCENT_COLOR_NAME = AccentColor;
				CODE_SIGN_STYLE = Automatic;
				CURRENT_PROJECT_VERSION = 1;
				DEVELOPMENT_TEAM = 5WNP4LSBY4;
				GENERATE_INFOPLIST_FILE = YES;
				INFOPLIST_FILE = AppStoreClone/Info.plist;
				INFOPLIST_KEY_UIApplicationSupportsIndirectInputEvents = YES;
				INFOPLIST_KEY_UILaunchStoryboardName = LaunchScreen;
				INFOPLIST_KEY_UISupportedInterfaceOrientations = UIInterfaceOrientationPortrait;
				INFOPLIST_KEY_UISupportedInterfaceOrientations_iPad = "UIInterfaceOrientationLandscapeLeft UIInterfaceOrientationLandscapeRight UIInterfaceOrientationPortrait UIInterfaceOrientationPortraitUpsideDown";
				IPHONEOS_DEPLOYMENT_TARGET = 14.0;
				LD_RUNPATH_SEARCH_PATHS = (
					"$(inherited)",
					"@executable_path/Frameworks",
				);
				MARKETING_VERSION = 1.0;
				PRODUCT_BUNDLE_IDENTIFIER = com.cyeond.AppStoreClone;
				PRODUCT_NAME = "$(TARGET_NAME)";
				SUPPORTED_PLATFORMS = "iphoneos iphonesimulator";
				SUPPORTS_MACCATALYST = NO;
				SUPPORTS_MAC_DESIGNED_FOR_IPHONE_IPAD = NO;
				SWIFT_EMIT_LOC_STRINGS = YES;
				SWIFT_VERSION = 5.0;
				TARGETED_DEVICE_FAMILY = 1;
			};
			name = Release;
		};
/* End XCBuildConfiguration section */

/* Begin XCConfigurationList section */
		7857111D2BF2F49C00008AFD /* Build configuration list for PBXProject "AppStoreClone" */ = {
			isa = XCConfigurationList;
			buildConfigurations = (
				785711342BF2F49D00008AFD /* Debug */,
				785711352BF2F49D00008AFD /* Release */,
			);
			defaultConfigurationIsVisible = 0;
			defaultConfigurationName = Release;
		};
		785711362BF2F49D00008AFD /* Build configuration list for PBXNativeTarget "AppStoreClone" */ = {
			isa = XCConfigurationList;
			buildConfigurations = (
				785711372BF2F49D00008AFD /* Debug */,
				785711382BF2F49D00008AFD /* Release */,
			);
			defaultConfigurationIsVisible = 0;
			defaultConfigurationName = Release;
		};
/* End XCConfigurationList section */

/* Begin XCRemoteSwiftPackageReference section */
		7857113F2BF2F84100008AFD /* XCRemoteSwiftPackageReference "RIBs" */ = {
			isa = XCRemoteSwiftPackageReference;
			repositoryURL = "https://github.com/uber/RIBs.git";
			requirement = {
				kind = upToNextMajorVersion;
				minimumVersion = 0.9.2;
			};
		};
/* End XCRemoteSwiftPackageReference section */

/* Begin XCSwiftPackageProductDependency section */
		785711402BF2F84100008AFD /* RIBs */ = {
			isa = XCSwiftPackageProductDependency;
			package = 7857113F2BF2F84100008AFD /* XCRemoteSwiftPackageReference "RIBs" */;
			productName = RIBs;
		};
/* End XCSwiftPackageProductDependency section */
	};
	rootObject = 7857111A2BF2F49C00008AFD /* Project object */;
}
