// !$*UTF8*$!
{
	archiveVersion = 1;
	classes = {
	};
	objectVersion = 56;
	objects = {

/* Begin PBXBuildFile section */
		782E076A2C197BC1001B1886 /* Network in Frameworks */ = {isa = PBXBuildFile; productRef = 782E07692C197BC1001B1886 /* Network */; };
		7843F5442C19771E00E24870 /* Entities in Frameworks */ = {isa = PBXBuildFile; productRef = 7843F5432C19771E00E24870 /* Entities */; };
		785711262BF2F49C00008AFD /* AppDelegate.swift in Sources */ = {isa = PBXBuildFile; fileRef = 785711252BF2F49C00008AFD /* AppDelegate.swift */; };
		785711322BF2F49D00008AFD /* LaunchScreen.storyboard in Resources */ = {isa = PBXBuildFile; fileRef = 785711302BF2F49D00008AFD /* LaunchScreen.storyboard */; };
		785711412BF2F84100008AFD /* RIBs in Frameworks */ = {isa = PBXBuildFile; productRef = 785711402BF2F84100008AFD /* RIBs */; };
		785711432BF2F85400008AFD /* AppComponent.swift in Sources */ = {isa = PBXBuildFile; fileRef = 785711422BF2F85400008AFD /* AppComponent.swift */; };
		785711482BF2FAAA00008AFD /* AppRootRouter.swift in Sources */ = {isa = PBXBuildFile; fileRef = 785711442BF2FAAA00008AFD /* AppRootRouter.swift */; };
		785711492BF2FAAA00008AFD /* RootTabBarController.swift in Sources */ = {isa = PBXBuildFile; fileRef = 785711452BF2FAAA00008AFD /* RootTabBarController.swift */; };
		7857114A2BF2FAAA00008AFD /* AppRootBuilder.swift in Sources */ = {isa = PBXBuildFile; fileRef = 785711462BF2FAAA00008AFD /* AppRootBuilder.swift */; };
		7857114B2BF2FAAA00008AFD /* AppRootInteractor.swift in Sources */ = {isa = PBXBuildFile; fileRef = 785711472BF2FAAA00008AFD /* AppRootInteractor.swift */; };
		78714A7C2C1A7F75001064E7 /* AppDetailsImp in Frameworks */ = {isa = PBXBuildFile; productRef = 78714A7B2C1A7F75001064E7 /* AppDetailsImp */; };
		78714A7E2C1A822C001064E7 /* ResourcesLibrary in Frameworks */ = {isa = PBXBuildFile; productRef = 78714A7D2C1A822C001064E7 /* ResourcesLibrary */; };
		78714A802C1A8231001064E7 /* AppDetails in Frameworks */ = {isa = PBXBuildFile; productRef = 78714A7F2C1A8231001064E7 /* AppDetails */; };
		78714A822C1A8238001064E7 /* ReuseableViews in Frameworks */ = {isa = PBXBuildFile; productRef = 78714A812C1A8238001064E7 /* ReuseableViews */; };
		78714A842C1A824B001064E7 /* Extensions in Frameworks */ = {isa = PBXBuildFile; productRef = 78714A832C1A824B001064E7 /* Extensions */; };
		78714A872C1AAC8B001064E7 /* AppsHome in Frameworks */ = {isa = PBXBuildFile; productRef = 78714A862C1AAC8B001064E7 /* AppsHome */; };
		78714A892C1AAC8B001064E7 /* ShowAllApps in Frameworks */ = {isa = PBXBuildFile; productRef = 78714A882C1AAC8B001064E7 /* ShowAllApps */; };
		78714A8B2C1AB1B1001064E7 /* AppRootComponent.swift in Sources */ = {isa = PBXBuildFile; fileRef = 78714A8A2C1AB1B1001064E7 /* AppRootComponent.swift */; };
		78714A8D2C1AB23F001064E7 /* ShowAllAppsImp in Frameworks */ = {isa = PBXBuildFile; productRef = 78714A8C2C1AB23F001064E7 /* ShowAllAppsImp */; };
		78714A902C1ABBE6001064E7 /* SearchHome in Frameworks */ = {isa = PBXBuildFile; productRef = 78714A8F2C1ABBE6001064E7 /* SearchHome */; };
/* End PBXBuildFile section */

/* Begin PBXFileReference section */
		7843F53C2C1972CE00E24870 /* AppDetails */ = {isa = PBXFileReference; lastKnownFileType = wrapper; path = AppDetails; sourceTree = "<group>"; };
		7843F5402C19755400E24870 /* Platform */ = {isa = PBXFileReference; lastKnownFileType = wrapper; path = Platform; sourceTree = "<group>"; };
		785711222BF2F49C00008AFD /* AppStoreClone.app */ = {isa = PBXFileReference; explicitFileType = wrapper.application; includeInIndex = 0; path = AppStoreClone.app; sourceTree = BUILT_PRODUCTS_DIR; };
		785711252BF2F49C00008AFD /* AppDelegate.swift */ = {isa = PBXFileReference; lastKnownFileType = sourcecode.swift; path = AppDelegate.swift; sourceTree = "<group>"; };
		785711312BF2F49D00008AFD /* Base */ = {isa = PBXFileReference; lastKnownFileType = file.storyboard; name = Base; path = Base.lproj/LaunchScreen.storyboard; sourceTree = "<group>"; };
		785711332BF2F49D00008AFD /* Info.plist */ = {isa = PBXFileReference; lastKnownFileType = text.plist.xml; path = Info.plist; sourceTree = "<group>"; };
		785711422BF2F85400008AFD /* AppComponent.swift */ = {isa = PBXFileReference; lastKnownFileType = sourcecode.swift; path = AppComponent.swift; sourceTree = "<group>"; };
		785711442BF2FAAA00008AFD /* AppRootRouter.swift */ = {isa = PBXFileReference; lastKnownFileType = sourcecode.swift; path = AppRootRouter.swift; sourceTree = "<group>"; };
		785711452BF2FAAA00008AFD /* RootTabBarController.swift */ = {isa = PBXFileReference; lastKnownFileType = sourcecode.swift; path = RootTabBarController.swift; sourceTree = "<group>"; };
		785711462BF2FAAA00008AFD /* AppRootBuilder.swift */ = {isa = PBXFileReference; lastKnownFileType = sourcecode.swift; path = AppRootBuilder.swift; sourceTree = "<group>"; };
		785711472BF2FAAA00008AFD /* AppRootInteractor.swift */ = {isa = PBXFileReference; lastKnownFileType = sourcecode.swift; path = AppRootInteractor.swift; sourceTree = "<group>"; };
		78714A852C1AAB11001064E7 /* AppsHome */ = {isa = PBXFileReference; lastKnownFileType = wrapper; path = AppsHome; sourceTree = "<group>"; };
		78714A8A2C1AB1B1001064E7 /* AppRootComponent.swift */ = {isa = PBXFileReference; lastKnownFileType = sourcecode.swift; path = AppRootComponent.swift; sourceTree = "<group>"; };
		78714A8E2C1ABAA3001064E7 /* Search */ = {isa = PBXFileReference; lastKnownFileType = wrapper; path = Search; sourceTree = "<group>"; };
/* End PBXFileReference section */

/* Begin PBXFrameworksBuildPhase section */
		7857111F2BF2F49C00008AFD /* Frameworks */ = {
			isa = PBXFrameworksBuildPhase;
			buildActionMask = 2147483647;
			files = (
				785711412BF2F84100008AFD /* RIBs in Frameworks */,
				78714A8D2C1AB23F001064E7 /* ShowAllAppsImp in Frameworks */,
				782E076A2C197BC1001B1886 /* Network in Frameworks */,
				78714A842C1A824B001064E7 /* Extensions in Frameworks */,
				78714A7C2C1A7F75001064E7 /* AppDetailsImp in Frameworks */,
				78714A902C1ABBE6001064E7 /* SearchHome in Frameworks */,
				78714A802C1A8231001064E7 /* AppDetails in Frameworks */,
				78714A892C1AAC8B001064E7 /* ShowAllApps in Frameworks */,
				7843F5442C19771E00E24870 /* Entities in Frameworks */,
				78714A822C1A8238001064E7 /* ReuseableViews in Frameworks */,
				78714A872C1AAC8B001064E7 /* AppsHome in Frameworks */,
				78714A7E2C1A822C001064E7 /* ResourcesLibrary in Frameworks */,
			);
			runOnlyForDeploymentPostprocessing = 0;
		};
/* End PBXFrameworksBuildPhase section */

/* Begin PBXGroup section */
		7843F53D2C19746C00E24870 /* Frameworks */ = {
			isa = PBXGroup;
			children = (
			);
			name = Frameworks;
			sourceTree = "<group>";
		};
		785711192BF2F49C00008AFD = {
			isa = PBXGroup;
			children = (
				7843F5402C19755400E24870 /* Platform */,
				78714A852C1AAB11001064E7 /* AppsHome */,
				78714A8E2C1ABAA3001064E7 /* Search */,
				7843F53C2C1972CE00E24870 /* AppDetails */,
				785711242BF2F49C00008AFD /* AppStoreClone */,
				785711232BF2F49C00008AFD /* Products */,
				7843F53D2C19746C00E24870 /* Frameworks */,
			);
			sourceTree = "<group>";
		};
		785711232BF2F49C00008AFD /* Products */ = {
			isa = PBXGroup;
			children = (
				785711222BF2F49C00008AFD /* AppStoreClone.app */,
			);
			name = Products;
			sourceTree = "<group>";
		};
		785711242BF2F49C00008AFD /* AppStoreClone */ = {
			isa = PBXGroup;
			children = (
				785711392BF2F60E00008AFD /* AppDelegate */,
				7857113D2BF2F6CE00008AFD /* AppRoot */,
				785711302BF2F49D00008AFD /* LaunchScreen.storyboard */,
				785711332BF2F49D00008AFD /* Info.plist */,
			);
			path = AppStoreClone;
			sourceTree = "<group>";
		};
		785711392BF2F60E00008AFD /* AppDelegate */ = {
			isa = PBXGroup;
			children = (
				785711252BF2F49C00008AFD /* AppDelegate.swift */,
				785711422BF2F85400008AFD /* AppComponent.swift */,
			);
			path = AppDelegate;
			sourceTree = "<group>";
		};
		7857113D2BF2F6CE00008AFD /* AppRoot */ = {
			isa = PBXGroup;
			children = (
				785711442BF2FAAA00008AFD /* AppRootRouter.swift */,
				785711462BF2FAAA00008AFD /* AppRootBuilder.swift */,
				785711472BF2FAAA00008AFD /* AppRootInteractor.swift */,
				785711452BF2FAAA00008AFD /* RootTabBarController.swift */,
				78714A8A2C1AB1B1001064E7 /* AppRootComponent.swift */,
			);
			path = AppRoot;
			sourceTree = "<group>";
		};
/* End PBXGroup section */

/* Begin PBXNativeTarget section */
		785711212BF2F49C00008AFD /* AppStoreClone */ = {
			isa = PBXNativeTarget;
			buildConfigurationList = 785711362BF2F49D00008AFD /* Build configuration list for PBXNativeTarget "AppStoreClone" */;
			buildPhases = (
				7857111E2BF2F49C00008AFD /* Sources */,
				7857111F2BF2F49C00008AFD /* Frameworks */,
				785711202BF2F49C00008AFD /* Resources */,
			);
			buildRules = (
			);
			dependencies = (
			);
			name = AppStoreClone;
			packageProductDependencies = (
				785711402BF2F84100008AFD /* RIBs */,
				7843F5432C19771E00E24870 /* Entities */,
				782E07692C197BC1001B1886 /* Network */,
				78714A7B2C1A7F75001064E7 /* AppDetailsImp */,
				78714A7D2C1A822C001064E7 /* ResourcesLibrary */,
				78714A7F2C1A8231001064E7 /* AppDetails */,
				78714A812C1A8238001064E7 /* ReuseableViews */,
				78714A832C1A824B001064E7 /* Extensions */,
				78714A862C1AAC8B001064E7 /* AppsHome */,
				78714A882C1AAC8B001064E7 /* ShowAllApps */,
				78714A8C2C1AB23F001064E7 /* ShowAllAppsImp */,
				78714A8F2C1ABBE6001064E7 /* SearchHome */,
			);
			productName = RIBsPractice;
			productReference = 785711222BF2F49C00008AFD /* AppStoreClone.app */;
			productType = "com.apple.product-type.application";
		};
/* End PBXNativeTarget section */

/* Begin PBXProject section */
		7857111A2BF2F49C00008AFD /* Project object */ = {
			isa = PBXProject;
			attributes = {
				BuildIndependentTargetsInParallel = 1;
				LastSwiftUpdateCheck = 1500;
				LastUpgradeCheck = 1500;
				TargetAttributes = {
					785711212BF2F49C00008AFD = {
						CreatedOnToolsVersion = 15.0.1;
					};
				};
			};
			buildConfigurationList = 7857111D2BF2F49C00008AFD /* Build configuration list for PBXProject "AppStoreClone" */;
			compatibilityVersion = "Xcode 14.0";
			developmentRegion = en;
			hasScannedForEncodings = 0;
			knownRegions = (
				en,
				Base,
			);
			mainGroup = 785711192BF2F49C00008AFD;
			packageReferences = (
				7857113F2BF2F84100008AFD /* XCRemoteSwiftPackageReference "RIBs" */,
			);
			productRefGroup = 785711232BF2F49C00008AFD /* Products */;
			projectDirPath = "";
			projectRoot = "";
			targets = (
				785711212BF2F49C00008AFD /* AppStoreClone */,
			);
		};
/* End PBXProject section */

/* Begin PBXResourcesBuildPhase section */
		785711202BF2F49C00008AFD /* Resources */ = {
			isa = PBXResourcesBuildPhase;
			buildActionMask = 2147483647;
			files = (
				785711322BF2F49D00008AFD /* LaunchScreen.storyboard in Resources */,
			);
			runOnlyForDeploymentPostprocessing = 0;
		};
/* End PBXResourcesBuildPhase section */

/* Begin PBXSourcesBuildPhase section */
		7857111E2BF2F49C00008AFD /* Sources */ = {
			isa = PBXSourcesBuildPhase;
			buildActionMask = 2147483647;
			files = (
				7857114A2BF2FAAA00008AFD /* AppRootBuilder.swift in Sources */,
				785711262BF2F49C00008AFD /* AppDelegate.swift in Sources */,
				7857114B2BF2FAAA00008AFD /* AppRootInteractor.swift in Sources */,
				785711432BF2F85400008AFD /* AppComponent.swift in Sources */,
				78714A8B2C1AB1B1001064E7 /* AppRootComponent.swift in Sources */,
				785711492BF2FAAA00008AFD /* RootTabBarController.swift in Sources */,
				785711482BF2FAAA00008AFD /* AppRootRouter.swift in Sources */,
			);
			runOnlyForDeploymentPostprocessing = 0;
		};
/* End PBXSourcesBuildPhase section */

/* Begin PBXVariantGroup section */
		785711302BF2F49D00008AFD /* LaunchScreen.storyboard */ = {
			isa = PBXVariantGroup;
			children = (
				785711312BF2F49D00008AFD /* Base */,
			);
			name = LaunchScreen.storyboard;
			sourceTree = "<group>";
		};
/* End PBXVariantGroup section */

/* Begin XCBuildConfiguration section */
		785711342BF2F49D00008AFD /* Debug */ = {
			isa = XCBuildConfiguration;
			buildSettings = {
				ALWAYS_SEARCH_USER_PATHS = NO;
				ASSETCATALOG_COMPILER_GENERATE_SWIFT_ASSET_SYMBOL_EXTENSIONS = YES;
				CLANG_ANALYZER_NONNULL = YES;
				CLANG_ANALYZER_NUMBER_OBJECT_CONVERSION = YES_AGGRESSIVE;
				CLANG_CXX_LANGUAGE_STANDARD = "gnu++20";
				CLANG_ENABLE_MODULES = YES;
				CLANG_ENABLE_OBJC_ARC = YES;
				CLANG_ENABLE_OBJC_WEAK = YES;
				CLANG_WARN_BLOCK_CAPTURE_AUTORELEASING = YES;
				CLANG_WARN_BOOL_CONVERSION = YES;
				CLANG_WARN_COMMA = YES;
				CLANG_WARN_CONSTANT_CONVERSION = YES;
				CLANG_WARN_DEPRECATED_OBJC_IMPLEMENTATIONS = YES;
				CLANG_WARN_DIRECT_OBJC_ISA_USAGE = YES_ERROR;
				CLANG_WARN_DOCUMENTATION_COMMENTS = YES;
				CLANG_WARN_EMPTY_BODY = YES;
				CLANG_WARN_ENUM_CONVERSION = YES;
				CLANG_WARN_INFINITE_RECURSION = YES;
				CLANG_WARN_INT_CONVERSION = YES;
				CLANG_WARN_NON_LITERAL_NULL_CONVERSION = YES;
				CLANG_WARN_OBJC_IMPLICIT_RETAIN_SELF = YES;
				CLANG_WARN_OBJC_LITERAL_CONVERSION = YES;
				CLANG_WARN_OBJC_ROOT_CLASS = YES_ERROR;
				CLANG_WARN_QUOTED_INCLUDE_IN_FRAMEWORK_HEADER = YES;
				CLANG_WARN_RANGE_LOOP_ANALYSIS = YES;
				CLANG_WARN_STRICT_PROTOTYPES = YES;
				CLANG_WARN_SUSPICIOUS_MOVE = YES;
				CLANG_WARN_UNGUARDED_AVAILABILITY = YES_AGGRESSIVE;
				CLANG_WARN_UNREACHABLE_CODE = YES;
				CLANG_WARN__DUPLICATE_METHOD_MATCH = YES;
				COPY_PHASE_STRIP = NO;
				DEBUG_INFORMATION_FORMAT = dwarf;
				ENABLE_STRICT_OBJC_MSGSEND = YES;
				ENABLE_TESTABILITY = YES;
				ENABLE_USER_SCRIPT_SANDBOXING = YES;
				GCC_C_LANGUAGE_STANDARD = gnu17;
				GCC_DYNAMIC_NO_PIC = NO;
				GCC_NO_COMMON_BLOCKS = YES;
				GCC_OPTIMIZATION_LEVEL = 0;
				GCC_PREPROCESSOR_DEFINITIONS = (
					"DEBUG=1",
					"$(inherited)",
				);
				GCC_WARN_64_TO_32_BIT_CONVERSION = YES;
				GCC_WARN_ABOUT_RETURN_TYPE = YES_ERROR;
				GCC_WARN_UNDECLARED_SELECTOR = YES;
				GCC_WARN_UNINITIALIZED_AUTOS = YES_AGGRESSIVE;
				GCC_WARN_UNUSED_FUNCTION = YES;
				GCC_WARN_UNUSED_VARIABLE = YES;
				IPHONEOS_DEPLOYMENT_TARGET = 14.0;
				LOCALIZATION_PREFERS_STRING_CATALOGS = YES;
				MTL_ENABLE_DEBUG_INFO = INCLUDE_SOURCE;
				MTL_FAST_MATH = YES;
				ONLY_ACTIVE_ARCH = YES;
				SDKROOT = iphoneos;
				SWIFT_ACTIVE_COMPILATION_CONDITIONS = "DEBUG $(inherited)";
				SWIFT_OPTIMIZATION_LEVEL = "-Onone";
			};
			name = Debug;
		};
		785711352BF2F49D00008AFD /* Release */ = {
			isa = XCBuildConfiguration;
			buildSettings = {
				ALWAYS_SEARCH_USER_PATHS = NO;
				ASSETCATALOG_COMPILER_GENERATE_SWIFT_ASSET_SYMBOL_EXTENSIONS = YES;
				CLANG_ANALYZER_NONNULL = YES;
				CLANG_ANALYZER_NUMBER_OBJECT_CONVERSION = YES_AGGRESSIVE;
				CLANG_CXX_LANGUAGE_STANDARD = "gnu++20";
				CLANG_ENABLE_MODULES = YES;
				CLANG_ENABLE_OBJC_ARC = YES;
				CLANG_ENABLE_OBJC_WEAK = YES;
				CLANG_WARN_BLOCK_CAPTURE_AUTORELEASING = YES;
				CLANG_WARN_BOOL_CONVERSION = YES;
				CLANG_WARN_COMMA = YES;
				CLANG_WARN_CONSTANT_CONVERSION = YES;
				CLANG_WARN_DEPRECATED_OBJC_IMPLEMENTATIONS = YES;
				CLANG_WARN_DIRECT_OBJC_ISA_USAGE = YES_ERROR;
				CLANG_WARN_DOCUMENTATION_COMMENTS = YES;
				CLANG_WARN_EMPTY_BODY = YES;
				CLANG_WARN_ENUM_CONVERSION = YES;
				CLANG_WARN_INFINITE_RECURSION = YES;
				CLANG_WARN_INT_CONVERSION = YES;
				CLANG_WARN_NON_LITERAL_NULL_CONVERSION = YES;
				CLANG_WARN_OBJC_IMPLICIT_RETAIN_SELF = YES;
				CLANG_WARN_OBJC_LITERAL_CONVERSION = YES;
				CLANG_WARN_OBJC_ROOT_CLASS = YES_ERROR;
				CLANG_WARN_QUOTED_INCLUDE_IN_FRAMEWORK_HEADER = YES;
				CLANG_WARN_RANGE_LOOP_ANALYSIS = YES;
				CLANG_WARN_STRICT_PROTOTYPES = YES;
				CLANG_WARN_SUSPICIOUS_MOVE = YES;
				CLANG_WARN_UNGUARDED_AVAILABILITY = YES_AGGRESSIVE;
				CLANG_WARN_UNREACHABLE_CODE = YES;
				CLANG_WARN__DUPLICATE_METHOD_MATCH = YES;
				COPY_PHASE_STRIP = NO;
				DEBUG_INFORMATION_FORMAT = "dwarf-with-dsym";
				ENABLE_NS_ASSERTIONS = NO;
				ENABLE_STRICT_OBJC_MSGSEND = YES;
				ENABLE_USER_SCRIPT_SANDBOXING = YES;
				GCC_C_LANGUAGE_STANDARD = gnu17;
				GCC_NO_COMMON_BLOCKS = YES;
				GCC_WARN_64_TO_32_BIT_CONVERSION = YES;
				GCC_WARN_ABOUT_RETURN_TYPE = YES_ERROR;
				GCC_WARN_UNDECLARED_SELECTOR = YES;
				GCC_WARN_UNINITIALIZED_AUTOS = YES_AGGRESSIVE;
				GCC_WARN_UNUSED_FUNCTION = YES;
				GCC_WARN_UNUSED_VARIABLE = YES;
				IPHONEOS_DEPLOYMENT_TARGET = 14.0;
				LOCALIZATION_PREFERS_STRING_CATALOGS = YES;
				MTL_ENABLE_DEBUG_INFO = NO;
				MTL_FAST_MATH = YES;
				SDKROOT = iphoneos;
				SWIFT_COMPILATION_MODE = wholemodule;
				VALIDATE_PRODUCT = YES;
			};
			name = Release;
		};
		785711372BF2F49D00008AFD /* Debug */ = {
			isa = XCBuildConfiguration;
			buildSettings = {
				ASSETCATALOG_COMPILER_APPICON_NAME = AppIcon;
				ASSETCATALOG_COMPILER_GLOBAL_ACCENT_COLOR_NAME = AccentColor;
				CODE_SIGN_STYLE = Automatic;
				CURRENT_PROJECT_VERSION = 1;
				DEVELOPMENT_TEAM = 5WNP4LSBY4;
				GENERATE_INFOPLIST_FILE = YES;
				INFOPLIST_FILE = AppStoreClone/Info.plist;
				INFOPLIST_KEY_UIApplicationSupportsIndirectInputEvents = YES;
				INFOPLIST_KEY_UILaunchStoryboardName = LaunchScreen;
				INFOPLIST_KEY_UISupportedInterfaceOrientations = UIInterfaceOrientationPortrait;
				INFOPLIST_KEY_UISupportedInterfaceOrientations_iPad = "UIInterfaceOrientationLandscapeLeft UIInterfaceOrientationLandscapeRight UIInterfaceOrientationPortrait UIInterfaceOrientationPortraitUpsideDown";
				IPHONEOS_DEPLOYMENT_TARGET = 14.0;
				LD_RUNPATH_SEARCH_PATHS = (
					"$(inherited)",
					"@executable_path/Frameworks",
				);
				MARKETING_VERSION = 1.0;
				PRODUCT_BUNDLE_IDENTIFIER = com.cyeond.AppStoreClone;
				PRODUCT_NAME = "$(TARGET_NAME)";
				SUPPORTED_PLATFORMS = "iphoneos iphonesimulator";
				SUPPORTS_MACCATALYST = NO;
				SUPPORTS_MAC_DESIGNED_FOR_IPHONE_IPAD = NO;
				SWIFT_EMIT_LOC_STRINGS = YES;
				SWIFT_VERSION = 5.0;
				TARGETED_DEVICE_FAMILY = 1;
			};
			name = Debug;
		};
		785711382BF2F49D00008AFD /* Release */ = {
			isa = XCBuildConfiguration;
			buildSettings = {
				ASSETCATALOG_COMPILER_APPICON_NAME = AppIcon;
				ASSETCATALOG_COMPILER_GLOBAL_ACCENT_COLOR_NAME = AccentColor;
				CODE_SIGN_STYLE = Automatic;
				CURRENT_PROJECT_VERSION = 1;
				DEVELOPMENT_TEAM = 5WNP4LSBY4;
				GENERATE_INFOPLIST_FILE = YES;
				INFOPLIST_FILE = AppStoreClone/Info.plist;
				INFOPLIST_KEY_UIApplicationSupportsIndirectInputEvents = YES;
				INFOPLIST_KEY_UILaunchStoryboardName = LaunchScreen;
				INFOPLIST_KEY_UISupportedInterfaceOrientations = UIInterfaceOrientationPortrait;
				INFOPLIST_KEY_UISupportedInterfaceOrientations_iPad = "UIInterfaceOrientationLandscapeLeft UIInterfaceOrientationLandscapeRight UIInterfaceOrientationPortrait UIInterfaceOrientationPortraitUpsideDown";
				IPHONEOS_DEPLOYMENT_TARGET = 14.0;
				LD_RUNPATH_SEARCH_PATHS = (
					"$(inherited)",
					"@executable_path/Frameworks",
				);
				MARKETING_VERSION = 1.0;
				PRODUCT_BUNDLE_IDENTIFIER = com.cyeond.AppStoreClone;
				PRODUCT_NAME = "$(TARGET_NAME)";
				SUPPORTED_PLATFORMS = "iphoneos iphonesimulator";
				SUPPORTS_MACCATALYST = NO;
				SUPPORTS_MAC_DESIGNED_FOR_IPHONE_IPAD = NO;
				SWIFT_EMIT_LOC_STRINGS = YES;
				SWIFT_VERSION = 5.0;
				TARGETED_DEVICE_FAMILY = 1;
			};
			name = Release;
		};
/* End XCBuildConfiguration section */

/* Begin XCConfigurationList section */
		7857111D2BF2F49C00008AFD /* Build configuration list for PBXProject "AppStoreClone" */ = {
			isa = XCConfigurationList;
			buildConfigurations = (
				785711342BF2F49D00008AFD /* Debug */,
				785711352BF2F49D00008AFD /* Release */,
			);
			defaultConfigurationIsVisible = 0;
			defaultConfigurationName = Release;
		};
		785711362BF2F49D00008AFD /* Build configuration list for PBXNativeTarget "AppStoreClone" */ = {
			isa = XCConfigurationList;
			buildConfigurations = (
				785711372BF2F49D00008AFD /* Debug */,
				785711382BF2F49D00008AFD /* Release */,
			);
			defaultConfigurationIsVisible = 0;
			defaultConfigurationName = Release;
		};
/* End XCConfigurationList section */

/* Begin XCRemoteSwiftPackageReference section */
		7857113F2BF2F84100008AFD /* XCRemoteSwiftPackageReference "RIBs" */ = {
			isa = XCRemoteSwiftPackageReference;
			repositoryURL = "https://github.com/uber/RIBs.git";
			requirement = {
				kind = upToNextMajorVersion;
				minimumVersion = 0.9.2;
			};
		};
/* End XCRemoteSwiftPackageReference section */

/* Begin XCSwiftPackageProductDependency section */
		782E07692C197BC1001B1886 /* Network */ = {
			isa = XCSwiftPackageProductDependency;
			productName = Network;
		};
		7843F5432C19771E00E24870 /* Entities */ = {
			isa = XCSwiftPackageProductDependency;
			productName = Entities;
		};
		785711402BF2F84100008AFD /* RIBs */ = {
			isa = XCSwiftPackageProductDependency;
			package = 7857113F2BF2F84100008AFD /* XCRemoteSwiftPackageReference "RIBs" */;
			productName = RIBs;
		};
		78714A7B2C1A7F75001064E7 /* AppDetailsImp */ = {
			isa = XCSwiftPackageProductDependency;
			productName = AppDetailsImp;
		};
		78714A7D2C1A822C001064E7 /* ResourcesLibrary */ = {
			isa = XCSwiftPackageProductDependency;
			productName = ResourcesLibrary;
		};
		78714A7F2C1A8231001064E7 /* AppDetails */ = {
			isa = XCSwiftPackageProductDependency;
			productName = AppDetails;
		};
		78714A812C1A8238001064E7 /* ReuseableViews */ = {
			isa = XCSwiftPackageProductDependency;
			productName = ReuseableViews;
		};
		78714A832C1A824B001064E7 /* Extensions */ = {
			isa = XCSwiftPackageProductDependency;
			productName = Extensions;
		};
		78714A862C1AAC8B001064E7 /* AppsHome */ = {
			isa = XCSwiftPackageProductDependency;
			productName = AppsHome;
		};
		78714A882C1AAC8B001064E7 /* ShowAllApps */ = {
			isa = XCSwiftPackageProductDependency;
			productName = ShowAllApps;
		};
		78714A8C2C1AB23F001064E7 /* ShowAllAppsImp */ = {
			isa = XCSwiftPackageProductDependency;
			productName = ShowAllAppsImp;
		};
		78714A8F2C1ABBE6001064E7 /* SearchHome */ = {
			isa = XCSwiftPackageProductDependency;
			productName = SearchHome;
		};
/* End XCSwiftPackageProductDependency section */
	};
	rootObject = 7857111A2BF2F49C00008AFD /* Project object */;
}
